
Microsoft Visual Studio Solution File, Format Version 12.00
# Visual Studio Version 17
VisualStudioVersion = 17.7.34018.315
MinimumVisualStudioVersion = 10.0.40219.1
Project("{FAE04EC0-301F-11D3-BF4B-00C04F79EFBC}") = "ExpenseTracker", "ExpenseTracker\ExpenseTracker.csproj", "{55ED1FDE-833B-45DD-BE12-9D6D7D3D402C}"
EndProject
Global
	GlobalSection(SolutionConfigurationPlatforms) = preSolution
		Debug|Any CPU = Debug|Any CPU
		Release|Any CPU = Release|Any CPU
	EndGlobalSection
	GlobalSection(ProjectConfigurationPlatforms) = postSolution
		{55ED1FDE-833B-45DD-BE12-9D6D7D3D402C}.Debug|Any CPU.ActiveCfg = Debug|Any CPU
		{55ED1FDE-833B-45DD-BE12-9D6D7D3D402C}.Debug|Any CPU.Build.0 = Debug|Any CPU
		{55ED1FDE-833B-45DD-BE12-9D6D7D3D402C}.Release|Any CPU.ActiveCfg = Release|Any CPU
		{55ED1FDE-833B-45DD-BE12-9D6D7D3D402C}.Release|Any CPU.Build.0 = Release|Any CPU
	EndGlobalSection
	GlobalSection(SolutionProperties) = preSolution
		HideSolutionNode = FALSE
	EndGlobalSection
	GlobalSection(ExtensibilityGlobals) = postSolution
		SolutionGuid = {7D198C5E-93C8-4835-B590-A3D48AA525EF}
	EndGlobalSection
EndGlobal
